
Microsoft Visual Studio Solution File, Format Version 12.00
# Visual Studio Version 17
VisualStudioVersion = 17.5.33516.290
MinimumVisualStudioVersion = 10.0.40219.1
Project("{9A19103F-16F7-4668-BE54-9A1E7A4F7556}") = "MTCG", "MTCG\MTCG.csproj", "{523EE1AF-B86E-4C05-BB40-A6F2B0634255}"
EndProject
Project("{9A19103F-16F7-4668-BE54-9A1E7A4F7556}") = "TestMTCG", "TestMTCG\TestMTCG.csproj", "{3528D49B-44DD-49B5-AB44-EB34268F58E5}"
EndProject
Project("{2150E333-8FDC-42A3-9474-1A3956D46DE8}") = "Solution Items", "Solution Items", "{8CE06DFE-D764-42B1-9FE8-AAEE1B554484}"
	ProjectSection(SolutionItems) = preProject
		Sources.txt = Sources.txt
	EndProjectSection
EndProject
Global
	GlobalSection(SolutionConfigurationPlatforms) = preSolution
		Debug|Any CPU = Debug|Any CPU
		Release|Any CPU = Release|Any CPU
	EndGlobalSection
	GlobalSection(ProjectConfigurationPlatforms) = postSolution
		{523EE1AF-B86E-4C05-BB40-A6F2B0634255}.Debug|Any CPU.ActiveCfg = Debug|Any CPU
		{523EE1AF-B86E-4C05-BB40-A6F2B0634255}.Debug|Any CPU.Build.0 = Debug|Any CPU
		{523EE1AF-B86E-4C05-BB40-A6F2B0634255}.Release|Any CPU.ActiveCfg = Release|Any CPU
		{523EE1AF-B86E-4C05-BB40-A6F2B0634255}.Release|Any CPU.Build.0 = Release|Any CPU
		{3528D49B-44DD-49B5-AB44-EB34268F58E5}.Debug|Any CPU.ActiveCfg = Debug|Any CPU
		{3528D49B-44DD-49B5-AB44-EB34268F58E5}.Debug|Any CPU.Build.0 = Debug|Any CPU
		{3528D49B-44DD-49B5-AB44-EB34268F58E5}.Release|Any CPU.ActiveCfg = Release|Any CPU
		{3528D49B-44DD-49B5-AB44-EB34268F58E5}.Release|Any CPU.Build.0 = Release|Any CPU
	EndGlobalSection
	GlobalSection(SolutionProperties) = preSolution
		HideSolutionNode = FALSE
	EndGlobalSection
	GlobalSection(ExtensibilityGlobals) = postSolution
		SolutionGuid = {52113137-5CEA-4749-91F6-E5B77242D22F}
	EndGlobalSection
EndGlobal
